
Microsoft Visual Studio Solution File, Format Version 12.00
# Visual Studio Version 16
VisualStudioVersion = 16.0.32602.291
MinimumVisualStudioVersion = 10.0.40219.1
Project("{FAE04EC0-301F-11D3-BF4B-00C04F79EFBC}") = "Level19", "Level19\Level19.csproj", "{1AB17683-69AC-4775-BD94-02E09F0CB5FB}"
EndProject
Global
	GlobalSection(SolutionConfigurationPlatforms) = preSolution
		Debug|Any CPU = Debug|Any CPU
		Release|Any CPU = Release|Any CPU
	EndGlobalSection
	GlobalSection(ProjectConfigurationPlatforms) = postSolution
		{1AB17683-69AC-4775-BD94-02E09F0CB5FB}.Debug|Any CPU.ActiveCfg = Debug|Any CPU
		{1AB17683-69AC-4775-BD94-02E09F0CB5FB}.Debug|Any CPU.Build.0 = Debug|Any CPU
		{1AB17683-69AC-4775-BD94-02E09F0CB5FB}.Release|Any CPU.ActiveCfg = Release|Any CPU
		{1AB17683-69AC-4775-BD94-02E09F0CB5FB}.Release|Any CPU.Build.0 = Release|Any CPU
	EndGlobalSection
	GlobalSection(SolutionProperties) = preSolution
		HideSolutionNode = FALSE
	EndGlobalSection
	GlobalSection(ExtensibilityGlobals) = postSolution
		SolutionGuid = {B654DFE6-3726-470D-A8D2-8B67BE6E410C}
	EndGlobalSection
EndGlobal
